
Microsoft Visual Studio Solution File, Format Version 12.00
# Visual Studio Version 17
VisualStudioVersion = 17.11.35327.3
MinimumVisualStudioVersion = 10.0.40219.1
Project("{8BC9CEB8-8B4A-11D0-8D11-00A0C91BC942}") = "CRUDsample", "CRUDsample\CRUDsample.vcxproj", "{11D0D546-FB8E-448A-AC51-69156E8DD010}"
EndProject
Global
	GlobalSection(SolutionConfigurationPlatforms) = preSolution
		Debug|x64 = Debug|x64
		Debug|x86 = Debug|x86
		Release|x64 = Release|x64
		Release|x86 = Release|x86
	EndGlobalSection
	GlobalSection(ProjectConfigurationPlatforms) = postSolution
		{11D0D546-FB8E-448A-AC51-69156E8DD010}.Debug|x64.ActiveCfg = Debug|x64
		{11D0D546-FB8E-448A-AC51-69156E8DD010}.Debug|x64.Build.0 = Debug|x64
		{11D0D546-FB8E-448A-AC51-69156E8DD010}.Debug|x86.ActiveCfg = Debug|Win32
		{11D0D546-FB8E-448A-AC51-69156E8DD010}.Debug|x86.Build.0 = Debug|Win32
		{11D0D546-FB8E-448A-AC51-69156E8DD010}.Release|x64.ActiveCfg = Release|x64
		{11D0D546-FB8E-448A-AC51-69156E8DD010}.Release|x64.Build.0 = Release|x64
		{11D0D546-FB8E-448A-AC51-69156E8DD010}.Release|x86.ActiveCfg = Release|Win32
		{11D0D546-FB8E-448A-AC51-69156E8DD010}.Release|x86.Build.0 = Release|Win32
	EndGlobalSection
	GlobalSection(SolutionProperties) = preSolution
		HideSolutionNode = FALSE
	EndGlobalSection
	GlobalSection(ExtensibilityGlobals) = postSolution
		SolutionGuid = {4D2F215F-0D19-4905-B168-48F336CCD33D}
	EndGlobalSection
EndGlobal
